# Copyright (c) 2019 Derek Hageman <hageman@inthat.cloud>
# SPDX-License-Identifier: Apache-2.0

description: Generic fixed-rate clock provider

compatible: "fixed-clock"

include: clock-controller.yaml

properties:
  clock-frequency:
    type: int
    description: output clock frequency (Hz)
    required: true

<<<<<<< HEAD
  clocks:
    type: array
    description: input clock source

=======
>>>>>>> 01478ffa5f76283e4556b4b7585875d50d82484d
  "#clock-cells":
    const: 0
